// !$*UTF8*$!
{
	archiveVersion = 1;
	classes = {
	};
	objectVersion = 77;
	objects = {

/* Begin PBXBuildFile section */
		221333DD2D2FB57C00582A60 /* MockApiClient.swift in Sources */ = {isa = PBXBuildFile; fileRef = 221333B02D2FB57C00582A60 /* MockApiClient.swift */; };
		221333DE2D2FB57C00582A60 /* MockData.swift in Sources */ = {isa = PBXBuildFile; fileRef = 221333B12D2FB57C00582A60 /* MockData.swift */; };
		221333DF2D2FB57C00582A60 /* MockDeviceService.swift in Sources */ = {isa = PBXBuildFile; fileRef = 221333B22D2FB57C00582A60 /* MockDeviceService.swift */; };
		221333E02D2FB57C00582A60 /* MockFileService.swift in Sources */ = {isa = PBXBuildFile; fileRef = 221333B32D2FB57C00582A60 /* MockFileService.swift */; };
		221333E12D2FB57C00582A60 /* MockInitialViewModel.swift in Sources */ = {isa = PBXBuildFile; fileRef = 221333B42D2FB57C00582A60 /* MockInitialViewModel.swift */; };
		221333E22D2FB57C00582A60 /* MockPlayService.swift in Sources */ = {isa = PBXBuildFile; fileRef = 221333B52D2FB57C00582A60 /* MockPlayService.swift */; };
		221333E32D2FB57C00582A60 /* MockShareViewModel.swift in Sources */ = {isa = PBXBuildFile; fileRef = 221333B62D2FB57C00582A60 /* MockShareViewModel.swift */; };
		221333E42D2FB57C00582A60 /* CacheKey.swift in Sources */ = {isa = PBXBuildFile; fileRef = 221333B82D2FB57C00582A60 /* CacheKey.swift */; };
		221333E52D2FB57C00582A60 /* Route.swift in Sources */ = {isa = PBXBuildFile; fileRef = 221333B92D2FB57C00582A60 /* Route.swift */; };
		221333E62D2FB57C00582A60 /* DeviceModel.swift in Sources */ = {isa = PBXBuildFile; fileRef = 221333BB2D2FB57C00582A60 /* DeviceModel.swift */; };
		221333E72D2FB57C00582A60 /* PlayModel.swift in Sources */ = {isa = PBXBuildFile; fileRef = 221333BC2D2FB57C00582A60 /* PlayModel.swift */; };
		221333E82D2FB57C00582A60 /* FileService.swift in Sources */ = {isa = PBXBuildFile; fileRef = 221333BE2D2FB57C00582A60 /* FileService.swift */; };
		221333E92D2FB57C00582A60 /* ApiClient.swift in Sources */ = {isa = PBXBuildFile; fileRef = 221333C02D2FB57C00582A60 /* ApiClient.swift */; };
		221333EA2D2FB57C00582A60 /* DeviceService.swift in Sources */ = {isa = PBXBuildFile; fileRef = 221333C12D2FB57C00582A60 /* DeviceService.swift */; };
		221333EB2D2FB57C00582A60 /* Endpoint.swift in Sources */ = {isa = PBXBuildFile; fileRef = 221333C22D2FB57C00582A60 /* Endpoint.swift */; };
		221333EC2D2FB57C00582A60 /* PlayService.swift in Sources */ = {isa = PBXBuildFile; fileRef = 221333C32D2FB57C00582A60 /* PlayService.swift */; };
		221333ED2D2FB57C00582A60 /* MyWebImage.swift in Sources */ = {isa = PBXBuildFile; fileRef = 221333C82D2FB57C00582A60 /* MyWebImage.swift */; };
		221333EE2D2FB57C00582A60 /* NowPlayingScreen.swift in Sources */ = {isa = PBXBuildFile; fileRef = 221333CA2D2FB57C00582A60 /* NowPlayingScreen.swift */; };
		221333EF2D2FB57C00582A60 /* BriefPlayView.swift in Sources */ = {isa = PBXBuildFile; fileRef = 221333CC2D2FB57C00582A60 /* BriefPlayView.swift */; };
		221333F02D2FB57C00582A60 /* RoomListItem.swift in Sources */ = {isa = PBXBuildFile; fileRef = 221333CD2D2FB57C00582A60 /* RoomListItem.swift */; };
		221333F12D2FB57C00582A60 /* RoomListView.swift in Sources */ = {isa = PBXBuildFile; fileRef = 221333CE2D2FB57C00582A60 /* RoomListView.swift */; };
		221333F22D2FB57C00582A60 /* RoomScreen.swift in Sources */ = {isa = PBXBuildFile; fileRef = 221333D02D2FB57C00582A60 /* RoomScreen.swift */; };
		221333F32D2FB57C00582A60 /* SettingScreen.swift in Sources */ = {isa = PBXBuildFile; fileRef = 221333D22D2FB57C00582A60 /* SettingScreen.swift */; };
		221333F42D2FB57C00582A60 /* MainScreen.swift in Sources */ = {isa = PBXBuildFile; fileRef = 221333D42D2FB57C00582A60 /* MainScreen.swift */; };
		221333F52D2FB57C00582A60 /* InitialViewModel.swift in Sources */ = {isa = PBXBuildFile; fileRef = 221333D62D2FB57C00582A60 /* InitialViewModel.swift */; };
		221333F62D2FB57C00582A60 /* PlayViewModel.swift in Sources */ = {isa = PBXBuildFile; fileRef = 221333D72D2FB57C00582A60 /* PlayViewModel.swift */; };
		221333F72D2FB57C00582A60 /* ShareViewModel.swift in Sources */ = {isa = PBXBuildFile; fileRef = 221333D82D2FB57C00582A60 /* ShareViewModel.swift */; };
		221333F82D2FB57C00582A60 /* DemoHeosApp.swift in Sources */ = {isa = PBXBuildFile; fileRef = 221333DB2D2FB57C00582A60 /* DemoHeosApp.swift */; };
		221333F92D2FB57C00582A60 /* Preview Assets.xcassets in Resources */ = {isa = PBXBuildFile; fileRef = 221333C62D2FB57C00582A60 /* Preview Assets.xcassets */; };
		221333FA2D2FB57C00582A60 /* Assets.xcassets in Resources */ = {isa = PBXBuildFile; fileRef = 221333DA2D2FB57C00582A60 /* Assets.xcassets */; };
/* End PBXBuildFile section */

/* Begin PBXContainerItemProxy section */
		2299703A2CF6DE6200B0B800 /* PBXContainerItemProxy */ = {
			isa = PBXContainerItemProxy;
			containerPortal = 229970212CF6DE5E00B0B800 /* Project object */;
			proxyType = 1;
			remoteGlobalIDString = 229970282CF6DE5E00B0B800;
			remoteInfo = DemoHeos;
		};
		229970442CF6DE6200B0B800 /* PBXContainerItemProxy */ = {
			isa = PBXContainerItemProxy;
			containerPortal = 229970212CF6DE5E00B0B800 /* Project object */;
			proxyType = 1;
			remoteGlobalIDString = 229970282CF6DE5E00B0B800;
			remoteInfo = DemoHeos;
		};
/* End PBXContainerItemProxy section */

/* Begin PBXFileReference section */
		221333B02D2FB57C00582A60 /* MockApiClient.swift */ = {isa = PBXFileReference; lastKnownFileType = sourcecode.swift; path = MockApiClient.swift; sourceTree = "<group>"; };
		221333B12D2FB57C00582A60 /* MockData.swift */ = {isa = PBXFileReference; lastKnownFileType = sourcecode.swift; path = MockData.swift; sourceTree = "<group>"; };
		221333B22D2FB57C00582A60 /* MockDeviceService.swift */ = {isa = PBXFileReference; lastKnownFileType = sourcecode.swift; path = MockDeviceService.swift; sourceTree = "<group>"; };
		221333B32D2FB57C00582A60 /* MockFileService.swift */ = {isa = PBXFileReference; lastKnownFileType = sourcecode.swift; path = MockFileService.swift; sourceTree = "<group>"; };
		221333B42D2FB57C00582A60 /* MockInitialViewModel.swift */ = {isa = PBXFileReference; lastKnownFileType = sourcecode.swift; path = MockInitialViewModel.swift; sourceTree = "<group>"; };
		221333B52D2FB57C00582A60 /* MockPlayService.swift */ = {isa = PBXFileReference; lastKnownFileType = sourcecode.swift; path = MockPlayService.swift; sourceTree = "<group>"; };
		221333B62D2FB57C00582A60 /* MockShareViewModel.swift */ = {isa = PBXFileReference; lastKnownFileType = sourcecode.swift; path = MockShareViewModel.swift; sourceTree = "<group>"; };
		221333B82D2FB57C00582A60 /* CacheKey.swift */ = {isa = PBXFileReference; lastKnownFileType = sourcecode.swift; path = CacheKey.swift; sourceTree = "<group>"; };
		221333B92D2FB57C00582A60 /* Route.swift */ = {isa = PBXFileReference; lastKnownFileType = sourcecode.swift; path = Route.swift; sourceTree = "<group>"; };
		221333BB2D2FB57C00582A60 /* DeviceModel.swift */ = {isa = PBXFileReference; lastKnownFileType = sourcecode.swift; path = DeviceModel.swift; sourceTree = "<group>"; };
		221333BC2D2FB57C00582A60 /* PlayModel.swift */ = {isa = PBXFileReference; lastKnownFileType = sourcecode.swift; path = PlayModel.swift; sourceTree = "<group>"; };
		221333BE2D2FB57C00582A60 /* FileService.swift */ = {isa = PBXFileReference; lastKnownFileType = sourcecode.swift; path = FileService.swift; sourceTree = "<group>"; };
		221333C02D2FB57C00582A60 /* ApiClient.swift */ = {isa = PBXFileReference; lastKnownFileType = sourcecode.swift; path = ApiClient.swift; sourceTree = "<group>"; };
		221333C12D2FB57C00582A60 /* DeviceService.swift */ = {isa = PBXFileReference; lastKnownFileType = sourcecode.swift; path = DeviceService.swift; sourceTree = "<group>"; };
		221333C22D2FB57C00582A60 /* Endpoint.swift */ = {isa = PBXFileReference; lastKnownFileType = sourcecode.swift; path = Endpoint.swift; sourceTree = "<group>"; };
		221333C32D2FB57C00582A60 /* PlayService.swift */ = {isa = PBXFileReference; lastKnownFileType = sourcecode.swift; path = PlayService.swift; sourceTree = "<group>"; };
		221333C62D2FB57C00582A60 /* Preview Assets.xcassets */ = {isa = PBXFileReference; lastKnownFileType = folder.assetcatalog; path = "Preview Assets.xcassets"; sourceTree = "<group>"; };
		221333C82D2FB57C00582A60 /* MyWebImage.swift */ = {isa = PBXFileReference; lastKnownFileType = sourcecode.swift; path = MyWebImage.swift; sourceTree = "<group>"; };
		221333CA2D2FB57C00582A60 /* NowPlayingScreen.swift */ = {isa = PBXFileReference; lastKnownFileType = sourcecode.swift; path = NowPlayingScreen.swift; sourceTree = "<group>"; };
		221333CC2D2FB57C00582A60 /* BriefPlayView.swift */ = {isa = PBXFileReference; lastKnownFileType = sourcecode.swift; path = BriefPlayView.swift; sourceTree = "<group>"; };
		221333CD2D2FB57C00582A60 /* RoomListItem.swift */ = {isa = PBXFileReference; lastKnownFileType = sourcecode.swift; path = RoomListItem.swift; sourceTree = "<group>"; };
		221333CE2D2FB57C00582A60 /* RoomListView.swift */ = {isa = PBXFileReference; lastKnownFileType = sourcecode.swift; path = RoomListView.swift; sourceTree = "<group>"; };
		221333D02D2FB57C00582A60 /* RoomScreen.swift */ = {isa = PBXFileReference; lastKnownFileType = sourcecode.swift; path = RoomScreen.swift; sourceTree = "<group>"; };
		221333D22D2FB57C00582A60 /* SettingScreen.swift */ = {isa = PBXFileReference; lastKnownFileType = sourcecode.swift; path = SettingScreen.swift; sourceTree = "<group>"; };
		221333D42D2FB57C00582A60 /* MainScreen.swift */ = {isa = PBXFileReference; lastKnownFileType = sourcecode.swift; path = MainScreen.swift; sourceTree = "<group>"; };
		221333D62D2FB57C00582A60 /* InitialViewModel.swift */ = {isa = PBXFileReference; lastKnownFileType = sourcecode.swift; path = InitialViewModel.swift; sourceTree = "<group>"; };
		221333D72D2FB57C00582A60 /* PlayViewModel.swift */ = {isa = PBXFileReference; lastKnownFileType = sourcecode.swift; path = PlayViewModel.swift; sourceTree = "<group>"; };
		221333D82D2FB57C00582A60 /* ShareViewModel.swift */ = {isa = PBXFileReference; lastKnownFileType = sourcecode.swift; path = ShareViewModel.swift; sourceTree = "<group>"; };
		221333DA2D2FB57C00582A60 /* Assets.xcassets */ = {isa = PBXFileReference; lastKnownFileType = folder.assetcatalog; path = Assets.xcassets; sourceTree = "<group>"; };
		221333DB2D2FB57C00582A60 /* DemoHeosApp.swift */ = {isa = PBXFileReference; lastKnownFileType = sourcecode.swift; path = DemoHeosApp.swift; sourceTree = "<group>"; };
		229970292CF6DE5E00B0B800 /* DemoHeos.app */ = {isa = PBXFileReference; explicitFileType = wrapper.application; includeInIndex = 0; path = DemoHeos.app; sourceTree = BUILT_PRODUCTS_DIR; };
		229970392CF6DE6200B0B800 /* DemoHeosTests.xctest */ = {isa = PBXFileReference; explicitFileType = wrapper.cfbundle; includeInIndex = 0; path = DemoHeosTests.xctest; sourceTree = BUILT_PRODUCTS_DIR; };
		229970432CF6DE6200B0B800 /* DemoHeosUITests.xctest */ = {isa = PBXFileReference; explicitFileType = wrapper.cfbundle; includeInIndex = 0; path = DemoHeosUITests.xctest; sourceTree = BUILT_PRODUCTS_DIR; };
/* End PBXFileReference section */

/* Begin PBXFileSystemSynchronizedRootGroup section */
		2299703C2CF6DE6200B0B800 /* DemoHeosTests */ = {
			isa = PBXFileSystemSynchronizedRootGroup;
			path = DemoHeosTests;
			sourceTree = "<group>";
		};
		229970462CF6DE6200B0B800 /* DemoHeosUITests */ = {
			isa = PBXFileSystemSynchronizedRootGroup;
			path = DemoHeosUITests;
			sourceTree = "<group>";
		};
/* End PBXFileSystemSynchronizedRootGroup section */

/* Begin PBXFrameworksBuildPhase section */
		229970262CF6DE5E00B0B800 /* Frameworks */ = {
			isa = PBXFrameworksBuildPhase;
			buildActionMask = 2147483647;
			files = (
			);
			runOnlyForDeploymentPostprocessing = 0;
		};
		229970362CF6DE6200B0B800 /* Frameworks */ = {
			isa = PBXFrameworksBuildPhase;
			buildActionMask = 2147483647;
			files = (
			);
			runOnlyForDeploymentPostprocessing = 0;
		};
		229970402CF6DE6200B0B800 /* Frameworks */ = {
			isa = PBXFrameworksBuildPhase;
			buildActionMask = 2147483647;
			files = (
			);
			runOnlyForDeploymentPostprocessing = 0;
		};
/* End PBXFrameworksBuildPhase section */

/* Begin PBXGroup section */
		221333B72D2FB57C00582A60 /* Mock */ = {
			isa = PBXGroup;
			children = (
				221333B02D2FB57C00582A60 /* MockApiClient.swift */,
				221333B12D2FB57C00582A60 /* MockData.swift */,
				221333B22D2FB57C00582A60 /* MockDeviceService.swift */,
				221333B32D2FB57C00582A60 /* MockFileService.swift */,
				221333B42D2FB57C00582A60 /* MockInitialViewModel.swift */,
				221333B52D2FB57C00582A60 /* MockPlayService.swift */,
				221333B62D2FB57C00582A60 /* MockShareViewModel.swift */,
			);
			path = Mock;
			sourceTree = "<group>";
		};
		221333BA2D2FB57C00582A60 /* Core */ = {
			isa = PBXGroup;
			children = (
				221333B72D2FB57C00582A60 /* Mock */,
				221333B82D2FB57C00582A60 /* CacheKey.swift */,
				221333B92D2FB57C00582A60 /* Route.swift */,
			);
			path = Core;
			sourceTree = "<group>";
		};
		221333BD2D2FB57C00582A60 /* Entity */ = {
			isa = PBXGroup;
			children = (
				221333BB2D2FB57C00582A60 /* DeviceModel.swift */,
				221333BC2D2FB57C00582A60 /* PlayModel.swift */,
			);
			path = Entity;
			sourceTree = "<group>";
		};
		221333BF2D2FB57C00582A60 /* Local */ = {
			isa = PBXGroup;
			children = (
				221333BE2D2FB57C00582A60 /* FileService.swift */,
			);
			path = Local;
			sourceTree = "<group>";
		};
		221333C42D2FB57C00582A60 /* Network */ = {
			isa = PBXGroup;
			children = (
				221333C02D2FB57C00582A60 /* ApiClient.swift */,
				221333C12D2FB57C00582A60 /* DeviceService.swift */,
				221333C22D2FB57C00582A60 /* Endpoint.swift */,
				221333C32D2FB57C00582A60 /* PlayService.swift */,
			);
			path = Network;
			sourceTree = "<group>";
		};
		221333C52D2FB57C00582A60 /* M */ = {
			isa = PBXGroup;
			children = (
				221333BD2D2FB57C00582A60 /* Entity */,
				221333BF2D2FB57C00582A60 /* Local */,
				221333C42D2FB57C00582A60 /* Network */,
			);
			path = M;
			sourceTree = "<group>";
		};
		221333C72D2FB57C00582A60 /* Preview Content */ = {
			isa = PBXGroup;
			children = (
				221333C62D2FB57C00582A60 /* Preview Assets.xcassets */,
			);
			path = "Preview Content";
			sourceTree = "<group>";
		};
		221333C92D2FB57C00582A60 /* Common Widgets */ = {
			isa = PBXGroup;
			children = (
				221333C82D2FB57C00582A60 /* MyWebImage.swift */,
			);
			path = "Common Widgets";
			sourceTree = "<group>";
		};
		221333CB2D2FB57C00582A60 /* Now Playing */ = {
			isa = PBXGroup;
			children = (
				221333CA2D2FB57C00582A60 /* NowPlayingScreen.swift */,
			);
			path = "Now Playing";
			sourceTree = "<group>";
		};
		221333CF2D2FB57C00582A60 /* Views */ = {
			isa = PBXGroup;
			children = (
				221333CC2D2FB57C00582A60 /* BriefPlayView.swift */,
				221333CD2D2FB57C00582A60 /* RoomListItem.swift */,
				221333CE2D2FB57C00582A60 /* RoomListView.swift */,
			);
			path = Views;
			sourceTree = "<group>";
		};
		221333D12D2FB57C00582A60 /* Room */ = {
			isa = PBXGroup;
			children = (
				221333CF2D2FB57C00582A60 /* Views */,
				221333D02D2FB57C00582A60 /* RoomScreen.swift */,
			);
			path = Room;
			sourceTree = "<group>";
		};
		221333D32D2FB57C00582A60 /* Setting */ = {
			isa = PBXGroup;
			children = (
				221333D22D2FB57C00582A60 /* SettingScreen.swift */,
			);
			path = Setting;
			sourceTree = "<group>";
		};
		221333D52D2FB57C00582A60 /* V */ = {
			isa = PBXGroup;
			children = (
				221333C92D2FB57C00582A60 /* Common Widgets */,
				221333CB2D2FB57C00582A60 /* Now Playing */,
				221333D12D2FB57C00582A60 /* Room */,
				221333D32D2FB57C00582A60 /* Setting */,
				221333D42D2FB57C00582A60 /* MainScreen.swift */,
			);
			path = V;
			sourceTree = "<group>";
		};
		221333D92D2FB57C00582A60 /* VM */ = {
			isa = PBXGroup;
			children = (
				221333D62D2FB57C00582A60 /* InitialViewModel.swift */,
				221333D72D2FB57C00582A60 /* PlayViewModel.swift */,
				221333D82D2FB57C00582A60 /* ShareViewModel.swift */,
			);
			path = VM;
			sourceTree = "<group>";
		};
		221333DC2D2FB57C00582A60 /* DemoHeos */ = {
			isa = PBXGroup;
			children = (
				221333BA2D2FB57C00582A60 /* Core */,
				221333C52D2FB57C00582A60 /* M */,
				221333D92D2FB57C00582A60 /* VM */,
				221333D52D2FB57C00582A60 /* V */,
				221333C72D2FB57C00582A60 /* Preview Content */,
				221333DA2D2FB57C00582A60 /* Assets.xcassets */,
				221333DB2D2FB57C00582A60 /* DemoHeosApp.swift */,
			);
			path = DemoHeos;
			sourceTree = "<group>";
		};
		229970202CF6DE5E00B0B800 = {
			isa = PBXGroup;
			children = (
				221333DC2D2FB57C00582A60 /* DemoHeos */,
				2299703C2CF6DE6200B0B800 /* DemoHeosTests */,
				229970462CF6DE6200B0B800 /* DemoHeosUITests */,
				2299702A2CF6DE5E00B0B800 /* Products */,
			);
			sourceTree = "<group>";
		};
		2299702A2CF6DE5E00B0B800 /* Products */ = {
			isa = PBXGroup;
			children = (
				229970292CF6DE5E00B0B800 /* DemoHeos.app */,
				229970392CF6DE6200B0B800 /* DemoHeosTests.xctest */,
				229970432CF6DE6200B0B800 /* DemoHeosUITests.xctest */,
			);
			name = Products;
			sourceTree = "<group>";
		};
/* End PBXGroup section */

/* Begin PBXNativeTarget section */
		229970282CF6DE5E00B0B800 /* DemoHeos */ = {
			isa = PBXNativeTarget;
			buildConfigurationList = 2299704D2CF6DE6200B0B800 /* Build configuration list for PBXNativeTarget "DemoHeos" */;
			buildPhases = (
				229970252CF6DE5E00B0B800 /* Sources */,
				229970262CF6DE5E00B0B800 /* Frameworks */,
				229970272CF6DE5E00B0B800 /* Resources */,
			);
			buildRules = (
			);
			dependencies = (
			);
			name = DemoHeos;
			packageProductDependencies = (
			);
			productName = DemoHeos;
			productReference = 229970292CF6DE5E00B0B800 /* DemoHeos.app */;
			productType = "com.apple.product-type.application";
		};
		229970382CF6DE6200B0B800 /* DemoHeosTests */ = {
			isa = PBXNativeTarget;
			buildConfigurationList = 229970502CF6DE6200B0B800 /* Build configuration list for PBXNativeTarget "DemoHeosTests" */;
			buildPhases = (
				229970352CF6DE6200B0B800 /* Sources */,
				229970362CF6DE6200B0B800 /* Frameworks */,
				229970372CF6DE6200B0B800 /* Resources */,
			);
			buildRules = (
			);
			dependencies = (
				2299703B2CF6DE6200B0B800 /* PBXTargetDependency */,
			);
			fileSystemSynchronizedGroups = (
				2299703C2CF6DE6200B0B800 /* DemoHeosTests */,
			);
			name = DemoHeosTests;
			packageProductDependencies = (
			);
			productName = DemoHeosTests;
			productReference = 229970392CF6DE6200B0B800 /* DemoHeosTests.xctest */;
			productType = "com.apple.product-type.bundle.unit-test";
		};
		229970422CF6DE6200B0B800 /* DemoHeosUITests */ = {
			isa = PBXNativeTarget;
			buildConfigurationList = 229970532CF6DE6200B0B800 /* Build configuration list for PBXNativeTarget "DemoHeosUITests" */;
			buildPhases = (
				2299703F2CF6DE6200B0B800 /* Sources */,
				229970402CF6DE6200B0B800 /* Frameworks */,
				229970412CF6DE6200B0B800 /* Resources */,
			);
			buildRules = (
			);
			dependencies = (
				229970452CF6DE6200B0B800 /* PBXTargetDependency */,
			);
			fileSystemSynchronizedGroups = (
				229970462CF6DE6200B0B800 /* DemoHeosUITests */,
			);
			name = DemoHeosUITests;
			packageProductDependencies = (
			);
			productName = DemoHeosUITests;
			productReference = 229970432CF6DE6200B0B800 /* DemoHeosUITests.xctest */;
			productType = "com.apple.product-type.bundle.ui-testing";
		};
/* End PBXNativeTarget section */

/* Begin PBXProject section */
		229970212CF6DE5E00B0B800 /* Project object */ = {
			isa = PBXProject;
			attributes = {
				BuildIndependentTargetsInParallel = 1;
				LastSwiftUpdateCheck = 1600;
				LastUpgradeCheck = 1600;
				TargetAttributes = {
					229970282CF6DE5E00B0B800 = {
						CreatedOnToolsVersion = 16.0;
					};
					229970382CF6DE6200B0B800 = {
						CreatedOnToolsVersion = 16.0;
						TestTargetID = 229970282CF6DE5E00B0B800;
					};
					229970422CF6DE6200B0B800 = {
						CreatedOnToolsVersion = 16.0;
						TestTargetID = 229970282CF6DE5E00B0B800;
					};
				};
			};
			buildConfigurationList = 229970242CF6DE5E00B0B800 /* Build configuration list for PBXProject "DemoHeos" */;
			developmentRegion = en;
			hasScannedForEncodings = 0;
			knownRegions = (
				en,
				Base,
			);
			mainGroup = 229970202CF6DE5E00B0B800;
			minimizedProjectReferenceProxies = 1;
			preferredProjectObjectVersion = 77;
			productRefGroup = 2299702A2CF6DE5E00B0B800 /* Products */;
			projectDirPath = "";
			projectRoot = "";
			targets = (
				229970282CF6DE5E00B0B800 /* DemoHeos */,
				229970382CF6DE6200B0B800 /* DemoHeosTests */,
				229970422CF6DE6200B0B800 /* DemoHeosUITests */,
			);
		};
/* End PBXProject section */

/* Begin PBXResourcesBuildPhase section */
		229970272CF6DE5E00B0B800 /* Resources */ = {
			isa = PBXResourcesBuildPhase;
			buildActionMask = 2147483647;
			files = (
				221333F92D2FB57C00582A60 /* Preview Assets.xcassets in Resources */,
				221333FA2D2FB57C00582A60 /* Assets.xcassets in Resources */,
			);
			runOnlyForDeploymentPostprocessing = 0;
		};
		229970372CF6DE6200B0B800 /* Resources */ = {
			isa = PBXResourcesBuildPhase;
			buildActionMask = 2147483647;
			files = (
			);
			runOnlyForDeploymentPostprocessing = 0;
		};
		229970412CF6DE6200B0B800 /* Resources */ = {
			isa = PBXResourcesBuildPhase;
			buildActionMask = 2147483647;
			files = (
			);
			runOnlyForDeploymentPostprocessing = 0;
		};
/* End PBXResourcesBuildPhase section */

/* Begin PBXSourcesBuildPhase section */
		229970252CF6DE5E00B0B800 /* Sources */ = {
			isa = PBXSourcesBuildPhase;
			buildActionMask = 2147483647;
			files = (
				221333DD2D2FB57C00582A60 /* MockApiClient.swift in Sources */,
				221333DE2D2FB57C00582A60 /* MockData.swift in Sources */,
				221333DF2D2FB57C00582A60 /* MockDeviceService.swift in Sources */,
				221333E02D2FB57C00582A60 /* MockFileService.swift in Sources */,
				221333E12D2FB57C00582A60 /* MockInitialViewModel.swift in Sources */,
				221333E22D2FB57C00582A60 /* MockPlayService.swift in Sources */,
				221333E32D2FB57C00582A60 /* MockShareViewModel.swift in Sources */,
				221333E42D2FB57C00582A60 /* CacheKey.swift in Sources */,
				221333E52D2FB57C00582A60 /* Route.swift in Sources */,
				221333E62D2FB57C00582A60 /* DeviceModel.swift in Sources */,
				221333E72D2FB57C00582A60 /* PlayModel.swift in Sources */,
				221333E82D2FB57C00582A60 /* FileService.swift in Sources */,
				221333E92D2FB57C00582A60 /* ApiClient.swift in Sources */,
				221333EA2D2FB57C00582A60 /* DeviceService.swift in Sources */,
				221333EB2D2FB57C00582A60 /* Endpoint.swift in Sources */,
				221333EC2D2FB57C00582A60 /* PlayService.swift in Sources */,
				221333ED2D2FB57C00582A60 /* MyWebImage.swift in Sources */,
				221333EE2D2FB57C00582A60 /* NowPlayingScreen.swift in Sources */,
				221333EF2D2FB57C00582A60 /* BriefPlayView.swift in Sources */,
				221333F02D2FB57C00582A60 /* RoomListItem.swift in Sources */,
				221333F12D2FB57C00582A60 /* RoomListView.swift in Sources */,
				221333F22D2FB57C00582A60 /* RoomScreen.swift in Sources */,
				221333F32D2FB57C00582A60 /* SettingScreen.swift in Sources */,
				221333F42D2FB57C00582A60 /* MainScreen.swift in Sources */,
				221333F52D2FB57C00582A60 /* InitialViewModel.swift in Sources */,
				221333F62D2FB57C00582A60 /* PlayViewModel.swift in Sources */,
				221333F72D2FB57C00582A60 /* ShareViewModel.swift in Sources */,
				221333F82D2FB57C00582A60 /* DemoHeosApp.swift in Sources */,
			);
			runOnlyForDeploymentPostprocessing = 0;
		};
		229970352CF6DE6200B0B800 /* Sources */ = {
			isa = PBXSourcesBuildPhase;
			buildActionMask = 2147483647;
			files = (
			);
			runOnlyForDeploymentPostprocessing = 0;
		};
		2299703F2CF6DE6200B0B800 /* Sources */ = {
			isa = PBXSourcesBuildPhase;
			buildActionMask = 2147483647;
			files = (
			);
			runOnlyForDeploymentPostprocessing = 0;
		};
/* End PBXSourcesBuildPhase section */

/* Begin PBXTargetDependency section */
		2299703B2CF6DE6200B0B800 /* PBXTargetDependency */ = {
			isa = PBXTargetDependency;
			target = 229970282CF6DE5E00B0B800 /* DemoHeos */;
			targetProxy = 2299703A2CF6DE6200B0B800 /* PBXContainerItemProxy */;
		};
		229970452CF6DE6200B0B800 /* PBXTargetDependency */ = {
			isa = PBXTargetDependency;
			target = 229970282CF6DE5E00B0B800 /* DemoHeos */;
			targetProxy = 229970442CF6DE6200B0B800 /* PBXContainerItemProxy */;
		};
/* End PBXTargetDependency section */

/* Begin XCBuildConfiguration section */
		2299704B2CF6DE6200B0B800 /* Debug */ = {
			isa = XCBuildConfiguration;
			buildSettings = {
				ALWAYS_SEARCH_USER_PATHS = NO;
				ASSETCATALOG_COMPILER_GENERATE_SWIFT_ASSET_SYMBOL_EXTENSIONS = YES;
				CLANG_ANALYZER_NONNULL = YES;
				CLANG_ANALYZER_NUMBER_OBJECT_CONVERSION = YES_AGGRESSIVE;
				CLANG_CXX_LANGUAGE_STANDARD = "gnu++20";
				CLANG_ENABLE_MODULES = YES;
				CLANG_ENABLE_OBJC_ARC = YES;
				CLANG_ENABLE_OBJC_WEAK = YES;
				CLANG_WARN_BLOCK_CAPTURE_AUTORELEASING = YES;
				CLANG_WARN_BOOL_CONVERSION = YES;
				CLANG_WARN_COMMA = YES;
				CLANG_WARN_CONSTANT_CONVERSION = YES;
				CLANG_WARN_DEPRECATED_OBJC_IMPLEMENTATIONS = YES;
				CLANG_WARN_DIRECT_OBJC_ISA_USAGE = YES_ERROR;
				CLANG_WARN_DOCUMENTATION_COMMENTS = YES;
				CLANG_WARN_EMPTY_BODY = YES;
				CLANG_WARN_ENUM_CONVERSION = YES;
				CLANG_WARN_INFINITE_RECURSION = YES;
				CLANG_WARN_INT_CONVERSION = YES;
				CLANG_WARN_NON_LITERAL_NULL_CONVERSION = YES;
				CLANG_WARN_OBJC_IMPLICIT_RETAIN_SELF = YES;
				CLANG_WARN_OBJC_LITERAL_CONVERSION = YES;
				CLANG_WARN_OBJC_ROOT_CLASS = YES_ERROR;
				CLANG_WARN_QUOTED_INCLUDE_IN_FRAMEWORK_HEADER = YES;
				CLANG_WARN_RANGE_LOOP_ANALYSIS = YES;
				CLANG_WARN_STRICT_PROTOTYPES = YES;
				CLANG_WARN_SUSPICIOUS_MOVE = YES;
				CLANG_WARN_UNGUARDED_AVAILABILITY = YES_AGGRESSIVE;
				CLANG_WARN_UNREACHABLE_CODE = YES;
				CLANG_WARN__DUPLICATE_METHOD_MATCH = YES;
				COPY_PHASE_STRIP = NO;
				DEBUG_INFORMATION_FORMAT = dwarf;
				ENABLE_STRICT_OBJC_MSGSEND = YES;
				ENABLE_TESTABILITY = YES;
				ENABLE_USER_SCRIPT_SANDBOXING = YES;
				GCC_C_LANGUAGE_STANDARD = gnu17;
				GCC_DYNAMIC_NO_PIC = NO;
				GCC_NO_COMMON_BLOCKS = YES;
				GCC_OPTIMIZATION_LEVEL = 0;
				GCC_PREPROCESSOR_DEFINITIONS = (
					"DEBUG=1",
					"$(inherited)",
				);
				GCC_WARN_64_TO_32_BIT_CONVERSION = YES;
				GCC_WARN_ABOUT_RETURN_TYPE = YES_ERROR;
				GCC_WARN_UNDECLARED_SELECTOR = YES;
				GCC_WARN_UNINITIALIZED_AUTOS = YES_AGGRESSIVE;
				GCC_WARN_UNUSED_FUNCTION = YES;
				GCC_WARN_UNUSED_VARIABLE = YES;
				IPHONEOS_DEPLOYMENT_TARGET = 18.0;
				LOCALIZATION_PREFERS_STRING_CATALOGS = YES;
				MTL_ENABLE_DEBUG_INFO = INCLUDE_SOURCE;
				MTL_FAST_MATH = YES;
				ONLY_ACTIVE_ARCH = YES;
				SDKROOT = iphoneos;
				SWIFT_ACTIVE_COMPILATION_CONDITIONS = "DEBUG $(inherited)";
				SWIFT_OPTIMIZATION_LEVEL = "-Onone";
			};
			name = Debug;
		};
		2299704C2CF6DE6200B0B800 /* Release */ = {
			isa = XCBuildConfiguration;
			buildSettings = {
				ALWAYS_SEARCH_USER_PATHS = NO;
				ASSETCATALOG_COMPILER_GENERATE_SWIFT_ASSET_SYMBOL_EXTENSIONS = YES;
				CLANG_ANALYZER_NONNULL = YES;
				CLANG_ANALYZER_NUMBER_OBJECT_CONVERSION = YES_AGGRESSIVE;
				CLANG_CXX_LANGUAGE_STANDARD = "gnu++20";
				CLANG_ENABLE_MODULES = YES;
				CLANG_ENABLE_OBJC_ARC = YES;
				CLANG_ENABLE_OBJC_WEAK = YES;
				CLANG_WARN_BLOCK_CAPTURE_AUTORELEASING = YES;
				CLANG_WARN_BOOL_CONVERSION = YES;
				CLANG_WARN_COMMA = YES;
				CLANG_WARN_CONSTANT_CONVERSION = YES;
				CLANG_WARN_DEPRECATED_OBJC_IMPLEMENTATIONS = YES;
				CLANG_WARN_DIRECT_OBJC_ISA_USAGE = YES_ERROR;
				CLANG_WARN_DOCUMENTATION_COMMENTS = YES;
				CLANG_WARN_EMPTY_BODY = YES;
				CLANG_WARN_ENUM_CONVERSION = YES;
				CLANG_WARN_INFINITE_RECURSION = YES;
				CLANG_WARN_INT_CONVERSION = YES;
				CLANG_WARN_NON_LITERAL_NULL_CONVERSION = YES;
				CLANG_WARN_OBJC_IMPLICIT_RETAIN_SELF = YES;
				CLANG_WARN_OBJC_LITERAL_CONVERSION = YES;
				CLANG_WARN_OBJC_ROOT_CLASS = YES_ERROR;
				CLANG_WARN_QUOTED_INCLUDE_IN_FRAMEWORK_HEADER = YES;
				CLANG_WARN_RANGE_LOOP_ANALYSIS = YES;
				CLANG_WARN_STRICT_PROTOTYPES = YES;
				CLANG_WARN_SUSPICIOUS_MOVE = YES;
				CLANG_WARN_UNGUARDED_AVAILABILITY = YES_AGGRESSIVE;
				CLANG_WARN_UNREACHABLE_CODE = YES;
				CLANG_WARN__DUPLICATE_METHOD_MATCH = YES;
				COPY_PHASE_STRIP = NO;
				DEBUG_INFORMATION_FORMAT = "dwarf-with-dsym";
				ENABLE_NS_ASSERTIONS = NO;
				ENABLE_STRICT_OBJC_MSGSEND = YES;
				ENABLE_USER_SCRIPT_SANDBOXING = YES;
				GCC_C_LANGUAGE_STANDARD = gnu17;
				GCC_NO_COMMON_BLOCKS = YES;
				GCC_WARN_64_TO_32_BIT_CONVERSION = YES;
				GCC_WARN_ABOUT_RETURN_TYPE = YES_ERROR;
				GCC_WARN_UNDECLARED_SELECTOR = YES;
				GCC_WARN_UNINITIALIZED_AUTOS = YES_AGGRESSIVE;
				GCC_WARN_UNUSED_FUNCTION = YES;
				GCC_WARN_UNUSED_VARIABLE = YES;
				IPHONEOS_DEPLOYMENT_TARGET = 18.0;
				LOCALIZATION_PREFERS_STRING_CATALOGS = YES;
				MTL_ENABLE_DEBUG_INFO = NO;
				MTL_FAST_MATH = YES;
				SDKROOT = iphoneos;
				SWIFT_COMPILATION_MODE = wholemodule;
				VALIDATE_PRODUCT = YES;
			};
			name = Release;
		};
		2299704E2CF6DE6200B0B800 /* Debug */ = {
			isa = XCBuildConfiguration;
			buildSettings = {
				ASSETCATALOG_COMPILER_APPICON_NAME = AppIcon;
				ASSETCATALOG_COMPILER_GLOBAL_ACCENT_COLOR_NAME = AccentColor;
				CODE_SIGN_STYLE = Automatic;
				CURRENT_PROJECT_VERSION = 1;
				DEVELOPMENT_ASSET_PATHS = "\"DemoHeos/Preview Content\"";
				DEVELOPMENT_TEAM = U43KCTQXGP;
				ENABLE_PREVIEWS = YES;
				GENERATE_INFOPLIST_FILE = YES;
				INFOPLIST_KEY_UIApplicationSceneManifest_Generation = YES;
				INFOPLIST_KEY_UIApplicationSupportsIndirectInputEvents = YES;
				INFOPLIST_KEY_UILaunchScreen_Generation = YES;
				INFOPLIST_KEY_UISupportedInterfaceOrientations = UIInterfaceOrientationPortrait;
				IPHONEOS_DEPLOYMENT_TARGET = 17.6;
				LD_RUNPATH_SEARCH_PATHS = (
					"$(inherited)",
					"@executable_path/Frameworks",
				);
				MARKETING_VERSION = 1.0;
				PRODUCT_BUNDLE_IDENTIFIER = au.com.mydemo.DemoHeos;
				PRODUCT_NAME = "$(TARGET_NAME)";
				SWIFT_EMIT_LOC_STRINGS = YES;
				SWIFT_STRICT_CONCURRENCY = complete;
				SWIFT_VERSION = 5.0;
				TARGETED_DEVICE_FAMILY = "1,2";
			};
			name = Debug;
		};
		2299704F2CF6DE6200B0B800 /* Release */ = {
			isa = XCBuildConfiguration;
			buildSettings = {
				ASSETCATALOG_COMPILER_APPICON_NAME = AppIcon;
				ASSETCATALOG_COMPILER_GLOBAL_ACCENT_COLOR_NAME = AccentColor;
				CODE_SIGN_STYLE = Automatic;
				CURRENT_PROJECT_VERSION = 1;
				DEVELOPMENT_ASSET_PATHS = "\"DemoHeos/Preview Content\"";
				DEVELOPMENT_TEAM = U43KCTQXGP;
				ENABLE_PREVIEWS = YES;
				GENERATE_INFOPLIST_FILE = YES;
				INFOPLIST_KEY_UIApplicationSceneManifest_Generation = YES;
				INFOPLIST_KEY_UIApplicationSupportsIndirectInputEvents = YES;
				INFOPLIST_KEY_UILaunchScreen_Generation = YES;
				INFOPLIST_KEY_UISupportedInterfaceOrientations = UIInterfaceOrientationPortrait;
				IPHONEOS_DEPLOYMENT_TARGET = 17.6;
				LD_RUNPATH_SEARCH_PATHS = (
					"$(inherited)",
					"@executable_path/Frameworks",
				);
				MARKETING_VERSION = 1.0;
				PRODUCT_BUNDLE_IDENTIFIER = au.com.mydemo.DemoHeos;
				PRODUCT_NAME = "$(TARGET_NAME)";
				SWIFT_EMIT_LOC_STRINGS = YES;
				SWIFT_STRICT_CONCURRENCY = complete;
				SWIFT_VERSION = 5.0;
				TARGETED_DEVICE_FAMILY = "1,2";
			};
			name = Release;
		};
		229970512CF6DE6200B0B800 /* Debug */ = {
			isa = XCBuildConfiguration;
			buildSettings = {
				BUNDLE_LOADER = "$(TEST_HOST)";
				CODE_SIGN_STYLE = Automatic;
				CURRENT_PROJECT_VERSION = 1;
				DEVELOPMENT_TEAM = U43KCTQXGP;
				GENERATE_INFOPLIST_FILE = YES;
				IPHONEOS_DEPLOYMENT_TARGET = 17.6;
				MARKETING_VERSION = 1.0;
				PRODUCT_BUNDLE_IDENTIFIER = au.com.mydemo.DemoHeosTests;
				PRODUCT_NAME = "$(TARGET_NAME)";
				SWIFT_EMIT_LOC_STRINGS = NO;
				SWIFT_VERSION = 5.0;
				TARGETED_DEVICE_FAMILY = "1,2";
				TEST_HOST = "$(BUILT_PRODUCTS_DIR)/DemoHeos.app/$(BUNDLE_EXECUTABLE_FOLDER_PATH)/DemoHeos";
			};
			name = Debug;
		};
		229970522CF6DE6200B0B800 /* Release */ = {
			isa = XCBuildConfiguration;
			buildSettings = {
				BUNDLE_LOADER = "$(TEST_HOST)";
				CODE_SIGN_STYLE = Automatic;
				CURRENT_PROJECT_VERSION = 1;
				DEVELOPMENT_TEAM = U43KCTQXGP;
				GENERATE_INFOPLIST_FILE = YES;
				IPHONEOS_DEPLOYMENT_TARGET = 17.6;
				MARKETING_VERSION = 1.0;
				PRODUCT_BUNDLE_IDENTIFIER = au.com.mydemo.DemoHeosTests;
				PRODUCT_NAME = "$(TARGET_NAME)";
				SWIFT_EMIT_LOC_STRINGS = NO;
				SWIFT_VERSION = 5.0;
				TARGETED_DEVICE_FAMILY = "1,2";
				TEST_HOST = "$(BUILT_PRODUCTS_DIR)/DemoHeos.app/$(BUNDLE_EXECUTABLE_FOLDER_PATH)/DemoHeos";
			};
			name = Release;
		};
		229970542CF6DE6200B0B800 /* Debug */ = {
			isa = XCBuildConfiguration;
			buildSettings = {
				CODE_SIGN_STYLE = Automatic;
				CURRENT_PROJECT_VERSION = 1;
				DEVELOPMENT_TEAM = U43KCTQXGP;
				GENERATE_INFOPLIST_FILE = YES;
				IPHONEOS_DEPLOYMENT_TARGET = 17.6;
				MARKETING_VERSION = 1.0;
				PRODUCT_BUNDLE_IDENTIFIER = au.com.mydemo.DemoHeosUITests;
				PRODUCT_NAME = "$(TARGET_NAME)";
				SWIFT_EMIT_LOC_STRINGS = NO;
				SWIFT_VERSION = 5.0;
				TARGETED_DEVICE_FAMILY = "1,2";
				TEST_TARGET_NAME = DemoHeos;
			};
			name = Debug;
		};
		229970552CF6DE6200B0B800 /* Release */ = {
			isa = XCBuildConfiguration;
			buildSettings = {
				CODE_SIGN_STYLE = Automatic;
				CURRENT_PROJECT_VERSION = 1;
				DEVELOPMENT_TEAM = U43KCTQXGP;
				GENERATE_INFOPLIST_FILE = YES;
				IPHONEOS_DEPLOYMENT_TARGET = 17.6;
				MARKETING_VERSION = 1.0;
				PRODUCT_BUNDLE_IDENTIFIER = au.com.mydemo.DemoHeosUITests;
				PRODUCT_NAME = "$(TARGET_NAME)";
				SWIFT_EMIT_LOC_STRINGS = NO;
				SWIFT_VERSION = 5.0;
				TARGETED_DEVICE_FAMILY = "1,2";
				TEST_TARGET_NAME = DemoHeos;
			};
			name = Release;
		};
/* End XCBuildConfiguration section */

/* Begin XCConfigurationList section */
		229970242CF6DE5E00B0B800 /* Build configuration list for PBXProject "DemoHeos" */ = {
			isa = XCConfigurationList;
			buildConfigurations = (
				2299704B2CF6DE6200B0B800 /* Debug */,
				2299704C2CF6DE6200B0B800 /* Release */,
			);
			defaultConfigurationIsVisible = 0;
			defaultConfigurationName = Release;
		};
		2299704D2CF6DE6200B0B800 /* Build configuration list for PBXNativeTarget "DemoHeos" */ = {
			isa = XCConfigurationList;
			buildConfigurations = (
				2299704E2CF6DE6200B0B800 /* Debug */,
				2299704F2CF6DE6200B0B800 /* Release */,
			);
			defaultConfigurationIsVisible = 0;
			defaultConfigurationName = Release;
		};
		229970502CF6DE6200B0B800 /* Build configuration list for PBXNativeTarget "DemoHeosTests" */ = {
			isa = XCConfigurationList;
			buildConfigurations = (
				229970512CF6DE6200B0B800 /* Debug */,
				229970522CF6DE6200B0B800 /* Release */,
			);
			defaultConfigurationIsVisible = 0;
			defaultConfigurationName = Release;
		};
		229970532CF6DE6200B0B800 /* Build configuration list for PBXNativeTarget "DemoHeosUITests" */ = {
			isa = XCConfigurationList;
			buildConfigurations = (
				229970542CF6DE6200B0B800 /* Debug */,
				229970552CF6DE6200B0B800 /* Release */,
			);
			defaultConfigurationIsVisible = 0;
			defaultConfigurationName = Release;
		};
/* End XCConfigurationList section */
	};
	rootObject = 229970212CF6DE5E00B0B800 /* Project object */;
}
