// !$*UTF8*$!
{
	archiveVersion = 1;
	classes = {
	};
	objectVersion = 77;
	objects = {

/* Begin PBXContainerItemProxy section */
		2299703A2CF6DE6200B0B800 /* PBXContainerItemProxy */ = {
			isa = PBXContainerItemProxy;
			containerPortal = 229970212CF6DE5E00B0B800 /* Project object */;
			proxyType = 1;
			remoteGlobalIDString = 229970282CF6DE5E00B0B800;
			remoteInfo = DemoHeos;
		};
		229970442CF6DE6200B0B800 /* PBXContainerItemProxy */ = {
			isa = PBXContainerItemProxy;
			containerPortal = 229970212CF6DE5E00B0B800 /* Project object */;
			proxyType = 1;
			remoteGlobalIDString = 229970282CF6DE5E00B0B800;
			remoteInfo = DemoHeos;
		};
/* End PBXContainerItemProxy section */

/* Begin PBXFileReference section */
		229970292CF6DE5E00B0B800 /* DemoHeos.app */ = {isa = PBXFileReference; explicitFileType = wrapper.application; includeInIndex = 0; path = DemoHeos.app; sourceTree = BUILT_PRODUCTS_DIR; };
		229970392CF6DE6200B0B800 /* DemoHeosTests.xctest */ = {isa = PBXFileReference; explicitFileType = wrapper.cfbundle; includeInIndex = 0; path = DemoHeosTests.xctest; sourceTree = BUILT_PRODUCTS_DIR; };
		229970432CF6DE6200B0B800 /* DemoHeosUITests.xctest */ = {isa = PBXFileReference; explicitFileType = wrapper.cfbundle; includeInIndex = 0; path = DemoHeosUITests.xctest; sourceTree = BUILT_PRODUCTS_DIR; };
/* End PBXFileReference section */

/* Begin PBXFileSystemSynchronizedRootGroup section */
		2299702B2CF6DE5E00B0B800 /* DemoHeos */ = {
			isa = PBXFileSystemSynchronizedRootGroup;
			path = DemoHeos;
			sourceTree = "<group>";
		};
		2299703C2CF6DE6200B0B800 /* DemoHeosTests */ = {
			isa = PBXFileSystemSynchronizedRootGroup;
			path = DemoHeosTests;
			sourceTree = "<group>";
		};
		229970462CF6DE6200B0B800 /* DemoHeosUITests */ = {
			isa = PBXFileSystemSynchronizedRootGroup;
			path = DemoHeosUITests;
			sourceTree = "<group>";
		};
/* End PBXFileSystemSynchronizedRootGroup section */

/* Begin PBXFrameworksBuildPhase section */
		229970262CF6DE5E00B0B800 /* Frameworks */ = {
			isa = PBXFrameworksBuildPhase;
			buildActionMask = 2147483647;
			files = (
			);
			runOnlyForDeploymentPostprocessing = 0;
		};
		229970362CF6DE6200B0B800 /* Frameworks */ = {
			isa = PBXFrameworksBuildPhase;
			buildActionMask = 2147483647;
			files = (
			);
			runOnlyForDeploymentPostprocessing = 0;
		};
		229970402CF6DE6200B0B800 /* Frameworks */ = {
			isa = PBXFrameworksBuildPhase;
			buildActionMask = 2147483647;
			files = (
			);
			runOnlyForDeploymentPostprocessing = 0;
		};
/* End PBXFrameworksBuildPhase section */

/* Begin PBXGroup section */
		229970202CF6DE5E00B0B800 = {
			isa = PBXGroup;
			children = (
				2299702B2CF6DE5E00B0B800 /* DemoHeos */,
				2299703C2CF6DE6200B0B800 /* DemoHeosTests */,
				229970462CF6DE6200B0B800 /* DemoHeosUITests */,
				2299702A2CF6DE5E00B0B800 /* Products */,
			);
			sourceTree = "<group>";
		};
		2299702A2CF6DE5E00B0B800 /* Products */ = {
			isa = PBXGroup;
			children = (
				229970292CF6DE5E00B0B800 /* DemoHeos.app */,
				229970392CF6DE6200B0B800 /* DemoHeosTests.xctest */,
				229970432CF6DE6200B0B800 /* DemoHeosUITests.xctest */,
			);
			name = Products;
			sourceTree = "<group>";
		};
/* End PBXGroup section */

/* Begin PBXNativeTarget section */
		229970282CF6DE5E00B0B800 /* DemoHeos */ = {
			isa = PBXNativeTarget;
			buildConfigurationList = 2299704D2CF6DE6200B0B800 /* Build configuration list for PBXNativeTarget "DemoHeos" */;
			buildPhases = (
				229970252CF6DE5E00B0B800 /* Sources */,
				229970262CF6DE5E00B0B800 /* Frameworks */,
				229970272CF6DE5E00B0B800 /* Resources */,
			);
			buildRules = (
			);
			dependencies = (
			);
			fileSystemSynchronizedGroups = (
				2299702B2CF6DE5E00B0B800 /* DemoHeos */,
			);
			name = DemoHeos;
			packageProductDependencies = (
			);
			productName = DemoHeos;
			productReference = 229970292CF6DE5E00B0B800 /* DemoHeos.app */;
			productType = "com.apple.product-type.application";
		};
		229970382CF6DE6200B0B800 /* DemoHeosTests */ = {
			isa = PBXNativeTarget;
			buildConfigurationList = 229970502CF6DE6200B0B800 /* Build configuration list for PBXNativeTarget "DemoHeosTests" */;
			buildPhases = (
				229970352CF6DE6200B0B800 /* Sources */,
				229970362CF6DE6200B0B800 /* Frameworks */,
				229970372CF6DE6200B0B800 /* Resources */,
			);
			buildRules = (
			);
			dependencies = (
				2299703B2CF6DE6200B0B800 /* PBXTargetDependency */,
			);
			fileSystemSynchronizedGroups = (
				2299703C2CF6DE6200B0B800 /* DemoHeosTests */,
			);
			name = DemoHeosTests;
			packageProductDependencies = (
			);
			productName = DemoHeosTests;
			productReference = 229970392CF6DE6200B0B800 /* DemoHeosTests.xctest */;
			productType = "com.apple.product-type.bundle.unit-test";
		};
		229970422CF6DE6200B0B800 /* DemoHeosUITests */ = {
			isa = PBXNativeTarget;
			buildConfigurationList = 229970532CF6DE6200B0B800 /* Build configuration list for PBXNativeTarget "DemoHeosUITests" */;
			buildPhases = (
				2299703F2CF6DE6200B0B800 /* Sources */,
				229970402CF6DE6200B0B800 /* Frameworks */,
				229970412CF6DE6200B0B800 /* Resources */,
			);
			buildRules = (
			);
			dependencies = (
				229970452CF6DE6200B0B800 /* PBXTargetDependency */,
			);
			fileSystemSynchronizedGroups = (
				229970462CF6DE6200B0B800 /* DemoHeosUITests */,
			);
			name = DemoHeosUITests;
			packageProductDependencies = (
			);
			productName = DemoHeosUITests;
			productReference = 229970432CF6DE6200B0B800 /* DemoHeosUITests.xctest */;
			productType = "com.apple.product-type.bundle.ui-testing";
		};
/* End PBXNativeTarget section */

/* Begin PBXProject section */
		229970212CF6DE5E00B0B800 /* Project object */ = {
			isa = PBXProject;
			attributes = {
				BuildIndependentTargetsInParallel = 1;
				LastSwiftUpdateCheck = 1600;
				LastUpgradeCheck = 1600;
				TargetAttributes = {
					229970282CF6DE5E00B0B800 = {
						CreatedOnToolsVersion = 16.0;
					};
					229970382CF6DE6200B0B800 = {
						CreatedOnToolsVersion = 16.0;
						TestTargetID = 229970282CF6DE5E00B0B800;
					};
					229970422CF6DE6200B0B800 = {
						CreatedOnToolsVersion = 16.0;
						TestTargetID = 229970282CF6DE5E00B0B800;
					};
				};
			};
			buildConfigurationList = 229970242CF6DE5E00B0B800 /* Build configuration list for PBXProject "DemoHeos" */;
			developmentRegion = en;
			hasScannedForEncodings = 0;
			knownRegions = (
				en,
				Base,
			);
			mainGroup = 229970202CF6DE5E00B0B800;
			minimizedProjectReferenceProxies = 1;
			preferredProjectObjectVersion = 77;
			productRefGroup = 2299702A2CF6DE5E00B0B800 /* Products */;
			projectDirPath = "";
			projectRoot = "";
			targets = (
				229970282CF6DE5E00B0B800 /* DemoHeos */,
				229970382CF6DE6200B0B800 /* DemoHeosTests */,
				229970422CF6DE6200B0B800 /* DemoHeosUITests */,
			);
		};
/* End PBXProject section */

/* Begin PBXResourcesBuildPhase section */
		229970272CF6DE5E00B0B800 /* Resources */ = {
			isa = PBXResourcesBuildPhase;
			buildActionMask = 2147483647;
			files = (
			);
			runOnlyForDeploymentPostprocessing = 0;
		};
		229970372CF6DE6200B0B800 /* Resources */ = {
			isa = PBXResourcesBuildPhase;
			buildActionMask = 2147483647;
			files = (
			);
			runOnlyForDeploymentPostprocessing = 0;
		};
		229970412CF6DE6200B0B800 /* Resources */ = {
			isa = PBXResourcesBuildPhase;
			buildActionMask = 2147483647;
			files = (
			);
			runOnlyForDeploymentPostprocessing = 0;
		};
/* End PBXResourcesBuildPhase section */

/* Begin PBXSourcesBuildPhase section */
		229970252CF6DE5E00B0B800 /* Sources */ = {
			isa = PBXSourcesBuildPhase;
			buildActionMask = 2147483647;
			files = (
			);
			runOnlyForDeploymentPostprocessing = 0;
		};
		229970352CF6DE6200B0B800 /* Sources */ = {
			isa = PBXSourcesBuildPhase;
			buildActionMask = 2147483647;
			files = (
			);
			runOnlyForDeploymentPostprocessing = 0;
		};
		2299703F2CF6DE6200B0B800 /* Sources */ = {
			isa = PBXSourcesBuildPhase;
			buildActionMask = 2147483647;
			files = (
			);
			runOnlyForDeploymentPostprocessing = 0;
		};
/* End PBXSourcesBuildPhase section */

/* Begin PBXTargetDependency section */
		2299703B2CF6DE6200B0B800 /* PBXTargetDependency */ = {
			isa = PBXTargetDependency;
			target = 229970282CF6DE5E00B0B800 /* DemoHeos */;
			targetProxy = 2299703A2CF6DE6200B0B800 /* PBXContainerItemProxy */;
		};
		229970452CF6DE6200B0B800 /* PBXTargetDependency */ = {
			isa = PBXTargetDependency;
			target = 229970282CF6DE5E00B0B800 /* DemoHeos */;
			targetProxy = 229970442CF6DE6200B0B800 /* PBXContainerItemProxy */;
		};
/* End PBXTargetDependency section */

/* Begin XCBuildConfiguration section */
		2299704B2CF6DE6200B0B800 /* Debug */ = {
			isa = XCBuildConfiguration;
			buildSettings = {
				ALWAYS_SEARCH_USER_PATHS = NO;
				ASSETCATALOG_COMPILER_GENERATE_SWIFT_ASSET_SYMBOL_EXTENSIONS = YES;
				CLANG_ANALYZER_NONNULL = YES;
				CLANG_ANALYZER_NUMBER_OBJECT_CONVERSION = YES_AGGRESSIVE;
				CLANG_CXX_LANGUAGE_STANDARD = "gnu++20";
				CLANG_ENABLE_MODULES = YES;
				CLANG_ENABLE_OBJC_ARC = YES;
				CLANG_ENABLE_OBJC_WEAK = YES;
				CLANG_WARN_BLOCK_CAPTURE_AUTORELEASING = YES;
				CLANG_WARN_BOOL_CONVERSION = YES;
				CLANG_WARN_COMMA = YES;
				CLANG_WARN_CONSTANT_CONVERSION = YES;
				CLANG_WARN_DEPRECATED_OBJC_IMPLEMENTATIONS = YES;
				CLANG_WARN_DIRECT_OBJC_ISA_USAGE = YES_ERROR;
				CLANG_WARN_DOCUMENTATION_COMMENTS = YES;
				CLANG_WARN_EMPTY_BODY = YES;
				CLANG_WARN_ENUM_CONVERSION = YES;
				CLANG_WARN_INFINITE_RECURSION = YES;
				CLANG_WARN_INT_CONVERSION = YES;
				CLANG_WARN_NON_LITERAL_NULL_CONVERSION = YES;
				CLANG_WARN_OBJC_IMPLICIT_RETAIN_SELF = YES;
				CLANG_WARN_OBJC_LITERAL_CONVERSION = YES;
				CLANG_WARN_OBJC_ROOT_CLASS = YES_ERROR;
				CLANG_WARN_QUOTED_INCLUDE_IN_FRAMEWORK_HEADER = YES;
				CLANG_WARN_RANGE_LOOP_ANALYSIS = YES;
				CLANG_WARN_STRICT_PROTOTYPES = YES;
				CLANG_WARN_SUSPICIOUS_MOVE = YES;
				CLANG_WARN_UNGUARDED_AVAILABILITY = YES_AGGRESSIVE;
				CLANG_WARN_UNREACHABLE_CODE = YES;
				CLANG_WARN__DUPLICATE_METHOD_MATCH = YES;
				COPY_PHASE_STRIP = NO;
				DEBUG_INFORMATION_FORMAT = dwarf;
				ENABLE_STRICT_OBJC_MSGSEND = YES;
				ENABLE_TESTABILITY = YES;
				ENABLE_USER_SCRIPT_SANDBOXING = YES;
				GCC_C_LANGUAGE_STANDARD = gnu17;
				GCC_DYNAMIC_NO_PIC = NO;
				GCC_NO_COMMON_BLOCKS = YES;
				GCC_OPTIMIZATION_LEVEL = 0;
				GCC_PREPROCESSOR_DEFINITIONS = (
					"DEBUG=1",
					"$(inherited)",
				);
				GCC_WARN_64_TO_32_BIT_CONVERSION = YES;
				GCC_WARN_ABOUT_RETURN_TYPE = YES_ERROR;
				GCC_WARN_UNDECLARED_SELECTOR = YES;
				GCC_WARN_UNINITIALIZED_AUTOS = YES_AGGRESSIVE;
				GCC_WARN_UNUSED_FUNCTION = YES;
				GCC_WARN_UNUSED_VARIABLE = YES;
				IPHONEOS_DEPLOYMENT_TARGET = 18.0;
				LOCALIZATION_PREFERS_STRING_CATALOGS = YES;
				MTL_ENABLE_DEBUG_INFO = INCLUDE_SOURCE;
				MTL_FAST_MATH = YES;
				ONLY_ACTIVE_ARCH = YES;
				SDKROOT = iphoneos;
				SWIFT_ACTIVE_COMPILATION_CONDITIONS = "DEBUG $(inherited)";
				SWIFT_OPTIMIZATION_LEVEL = "-Onone";
			};
			name = Debug;
		};
		2299704C2CF6DE6200B0B800 /* Release */ = {
			isa = XCBuildConfiguration;
			buildSettings = {
				ALWAYS_SEARCH_USER_PATHS = NO;
				ASSETCATALOG_COMPILER_GENERATE_SWIFT_ASSET_SYMBOL_EXTENSIONS = YES;
				CLANG_ANALYZER_NONNULL = YES;
				CLANG_ANALYZER_NUMBER_OBJECT_CONVERSION = YES_AGGRESSIVE;
				CLANG_CXX_LANGUAGE_STANDARD = "gnu++20";
				CLANG_ENABLE_MODULES = YES;
				CLANG_ENABLE_OBJC_ARC = YES;
				CLANG_ENABLE_OBJC_WEAK = YES;
				CLANG_WARN_BLOCK_CAPTURE_AUTORELEASING = YES;
				CLANG_WARN_BOOL_CONVERSION = YES;
				CLANG_WARN_COMMA = YES;
				CLANG_WARN_CONSTANT_CONVERSION = YES;
				CLANG_WARN_DEPRECATED_OBJC_IMPLEMENTATIONS = YES;
				CLANG_WARN_DIRECT_OBJC_ISA_USAGE = YES_ERROR;
				CLANG_WARN_DOCUMENTATION_COMMENTS = YES;
				CLANG_WARN_EMPTY_BODY = YES;
				CLANG_WARN_ENUM_CONVERSION = YES;
				CLANG_WARN_INFINITE_RECURSION = YES;
				CLANG_WARN_INT_CONVERSION = YES;
				CLANG_WARN_NON_LITERAL_NULL_CONVERSION = YES;
				CLANG_WARN_OBJC_IMPLICIT_RETAIN_SELF = YES;
				CLANG_WARN_OBJC_LITERAL_CONVERSION = YES;
				CLANG_WARN_OBJC_ROOT_CLASS = YES_ERROR;
				CLANG_WARN_QUOTED_INCLUDE_IN_FRAMEWORK_HEADER = YES;
				CLANG_WARN_RANGE_LOOP_ANALYSIS = YES;
				CLANG_WARN_STRICT_PROTOTYPES = YES;
				CLANG_WARN_SUSPICIOUS_MOVE = YES;
				CLANG_WARN_UNGUARDED_AVAILABILITY = YES_AGGRESSIVE;
				CLANG_WARN_UNREACHABLE_CODE = YES;
				CLANG_WARN__DUPLICATE_METHOD_MATCH = YES;
				COPY_PHASE_STRIP = NO;
				DEBUG_INFORMATION_FORMAT = "dwarf-with-dsym";
				ENABLE_NS_ASSERTIONS = NO;
				ENABLE_STRICT_OBJC_MSGSEND = YES;
				ENABLE_USER_SCRIPT_SANDBOXING = YES;
				GCC_C_LANGUAGE_STANDARD = gnu17;
				GCC_NO_COMMON_BLOCKS = YES;
				GCC_WARN_64_TO_32_BIT_CONVERSION = YES;
				GCC_WARN_ABOUT_RETURN_TYPE = YES_ERROR;
				GCC_WARN_UNDECLARED_SELECTOR = YES;
				GCC_WARN_UNINITIALIZED_AUTOS = YES_AGGRESSIVE;
				GCC_WARN_UNUSED_FUNCTION = YES;
				GCC_WARN_UNUSED_VARIABLE = YES;
				IPHONEOS_DEPLOYMENT_TARGET = 18.0;
				LOCALIZATION_PREFERS_STRING_CATALOGS = YES;
				MTL_ENABLE_DEBUG_INFO = NO;
				MTL_FAST_MATH = YES;
				SDKROOT = iphoneos;
				SWIFT_COMPILATION_MODE = wholemodule;
				VALIDATE_PRODUCT = YES;
			};
			name = Release;
		};
		2299704E2CF6DE6200B0B800 /* Debug */ = {
			isa = XCBuildConfiguration;
			buildSettings = {
				ASSETCATALOG_COMPILER_APPICON_NAME = AppIcon;
				ASSETCATALOG_COMPILER_GLOBAL_ACCENT_COLOR_NAME = AccentColor;
				CODE_SIGN_STYLE = Automatic;
				CURRENT_PROJECT_VERSION = 1;
				DEVELOPMENT_ASSET_PATHS = "\"DemoHeos/Preview Content\"";
				DEVELOPMENT_TEAM = U43KCTQXGP;
				ENABLE_PREVIEWS = YES;
				GENERATE_INFOPLIST_FILE = YES;
				INFOPLIST_KEY_UIApplicationSceneManifest_Generation = YES;
				INFOPLIST_KEY_UIApplicationSupportsIndirectInputEvents = YES;
				INFOPLIST_KEY_UILaunchScreen_Generation = YES;
				INFOPLIST_KEY_UISupportedInterfaceOrientations_iPad = "UIInterfaceOrientationPortrait UIInterfaceOrientationPortraitUpsideDown UIInterfaceOrientationLandscapeLeft UIInterfaceOrientationLandscapeRight";
				INFOPLIST_KEY_UISupportedInterfaceOrientations_iPhone = "UIInterfaceOrientationPortrait UIInterfaceOrientationLandscapeLeft UIInterfaceOrientationLandscapeRight";
				IPHONEOS_DEPLOYMENT_TARGET = 17.6;
				LD_RUNPATH_SEARCH_PATHS = (
					"$(inherited)",
					"@executable_path/Frameworks",
				);
				MARKETING_VERSION = 1.0;
				PRODUCT_BUNDLE_IDENTIFIER = au.com.mydemo.DemoHeos;
				PRODUCT_NAME = "$(TARGET_NAME)";
				SWIFT_EMIT_LOC_STRINGS = YES;
				SWIFT_STRICT_CONCURRENCY = complete;
				SWIFT_VERSION = 5.0;
				TARGETED_DEVICE_FAMILY = "1,2";
			};
			name = Debug;
		};
		2299704F2CF6DE6200B0B800 /* Release */ = {
			isa = XCBuildConfiguration;
			buildSettings = {
				ASSETCATALOG_COMPILER_APPICON_NAME = AppIcon;
				ASSETCATALOG_COMPILER_GLOBAL_ACCENT_COLOR_NAME = AccentColor;
				CODE_SIGN_STYLE = Automatic;
				CURRENT_PROJECT_VERSION = 1;
				DEVELOPMENT_ASSET_PATHS = "\"DemoHeos/Preview Content\"";
				DEVELOPMENT_TEAM = U43KCTQXGP;
				ENABLE_PREVIEWS = YES;
				GENERATE_INFOPLIST_FILE = YES;
				INFOPLIST_KEY_UIApplicationSceneManifest_Generation = YES;
				INFOPLIST_KEY_UIApplicationSupportsIndirectInputEvents = YES;
				INFOPLIST_KEY_UILaunchScreen_Generation = YES;
				INFOPLIST_KEY_UISupportedInterfaceOrientations_iPad = "UIInterfaceOrientationPortrait UIInterfaceOrientationPortraitUpsideDown UIInterfaceOrientationLandscapeLeft UIInterfaceOrientationLandscapeRight";
				INFOPLIST_KEY_UISupportedInterfaceOrientations_iPhone = "UIInterfaceOrientationPortrait UIInterfaceOrientationLandscapeLeft UIInterfaceOrientationLandscapeRight";
				IPHONEOS_DEPLOYMENT_TARGET = 17.6;
				LD_RUNPATH_SEARCH_PATHS = (
					"$(inherited)",
					"@executable_path/Frameworks",
				);
				MARKETING_VERSION = 1.0;
				PRODUCT_BUNDLE_IDENTIFIER = au.com.mydemo.DemoHeos;
				PRODUCT_NAME = "$(TARGET_NAME)";
				SWIFT_EMIT_LOC_STRINGS = YES;
				SWIFT_STRICT_CONCURRENCY = complete;
				SWIFT_VERSION = 5.0;
				TARGETED_DEVICE_FAMILY = "1,2";
			};
			name = Release;
		};
		229970512CF6DE6200B0B800 /* Debug */ = {
			isa = XCBuildConfiguration;
			buildSettings = {
				BUNDLE_LOADER = "$(TEST_HOST)";
				CODE_SIGN_STYLE = Automatic;
				CURRENT_PROJECT_VERSION = 1;
				DEVELOPMENT_TEAM = U43KCTQXGP;
				GENERATE_INFOPLIST_FILE = YES;
				IPHONEOS_DEPLOYMENT_TARGET = 18.0;
				MARKETING_VERSION = 1.0;
				PRODUCT_BUNDLE_IDENTIFIER = au.com.mydemo.DemoHeosTests;
				PRODUCT_NAME = "$(TARGET_NAME)";
				SWIFT_EMIT_LOC_STRINGS = NO;
				SWIFT_VERSION = 5.0;
				TARGETED_DEVICE_FAMILY = "1,2";
				TEST_HOST = "$(BUILT_PRODUCTS_DIR)/DemoHeos.app/$(BUNDLE_EXECUTABLE_FOLDER_PATH)/DemoHeos";
			};
			name = Debug;
		};
		229970522CF6DE6200B0B800 /* Release */ = {
			isa = XCBuildConfiguration;
			buildSettings = {
				BUNDLE_LOADER = "$(TEST_HOST)";
				CODE_SIGN_STYLE = Automatic;
				CURRENT_PROJECT_VERSION = 1;
				DEVELOPMENT_TEAM = U43KCTQXGP;
				GENERATE_INFOPLIST_FILE = YES;
				IPHONEOS_DEPLOYMENT_TARGET = 18.0;
				MARKETING_VERSION = 1.0;
				PRODUCT_BUNDLE_IDENTIFIER = au.com.mydemo.DemoHeosTests;
				PRODUCT_NAME = "$(TARGET_NAME)";
				SWIFT_EMIT_LOC_STRINGS = NO;
				SWIFT_VERSION = 5.0;
				TARGETED_DEVICE_FAMILY = "1,2";
				TEST_HOST = "$(BUILT_PRODUCTS_DIR)/DemoHeos.app/$(BUNDLE_EXECUTABLE_FOLDER_PATH)/DemoHeos";
			};
			name = Release;
		};
		229970542CF6DE6200B0B800 /* Debug */ = {
			isa = XCBuildConfiguration;
			buildSettings = {
				CODE_SIGN_STYLE = Automatic;
				CURRENT_PROJECT_VERSION = 1;
				DEVELOPMENT_TEAM = U43KCTQXGP;
				GENERATE_INFOPLIST_FILE = YES;
				MARKETING_VERSION = 1.0;
				PRODUCT_BUNDLE_IDENTIFIER = au.com.mydemo.DemoHeosUITests;
				PRODUCT_NAME = "$(TARGET_NAME)";
				SWIFT_EMIT_LOC_STRINGS = NO;
				SWIFT_VERSION = 5.0;
				TARGETED_DEVICE_FAMILY = "1,2";
				TEST_TARGET_NAME = DemoHeos;
			};
			name = Debug;
		};
		229970552CF6DE6200B0B800 /* Release */ = {
			isa = XCBuildConfiguration;
			buildSettings = {
				CODE_SIGN_STYLE = Automatic;
				CURRENT_PROJECT_VERSION = 1;
				DEVELOPMENT_TEAM = U43KCTQXGP;
				GENERATE_INFOPLIST_FILE = YES;
				MARKETING_VERSION = 1.0;
				PRODUCT_BUNDLE_IDENTIFIER = au.com.mydemo.DemoHeosUITests;
				PRODUCT_NAME = "$(TARGET_NAME)";
				SWIFT_EMIT_LOC_STRINGS = NO;
				SWIFT_VERSION = 5.0;
				TARGETED_DEVICE_FAMILY = "1,2";
				TEST_TARGET_NAME = DemoHeos;
			};
			name = Release;
		};
/* End XCBuildConfiguration section */

/* Begin XCConfigurationList section */
		229970242CF6DE5E00B0B800 /* Build configuration list for PBXProject "DemoHeos" */ = {
			isa = XCConfigurationList;
			buildConfigurations = (
				2299704B2CF6DE6200B0B800 /* Debug */,
				2299704C2CF6DE6200B0B800 /* Release */,
			);
			defaultConfigurationIsVisible = 0;
			defaultConfigurationName = Release;
		};
		2299704D2CF6DE6200B0B800 /* Build configuration list for PBXNativeTarget "DemoHeos" */ = {
			isa = XCConfigurationList;
			buildConfigurations = (
				2299704E2CF6DE6200B0B800 /* Debug */,
				2299704F2CF6DE6200B0B800 /* Release */,
			);
			defaultConfigurationIsVisible = 0;
			defaultConfigurationName = Release;
		};
		229970502CF6DE6200B0B800 /* Build configuration list for PBXNativeTarget "DemoHeosTests" */ = {
			isa = XCConfigurationList;
			buildConfigurations = (
				229970512CF6DE6200B0B800 /* Debug */,
				229970522CF6DE6200B0B800 /* Release */,
			);
			defaultConfigurationIsVisible = 0;
			defaultConfigurationName = Release;
		};
		229970532CF6DE6200B0B800 /* Build configuration list for PBXNativeTarget "DemoHeosUITests" */ = {
			isa = XCConfigurationList;
			buildConfigurations = (
				229970542CF6DE6200B0B800 /* Debug */,
				229970552CF6DE6200B0B800 /* Release */,
			);
			defaultConfigurationIsVisible = 0;
			defaultConfigurationName = Release;
		};
/* End XCConfigurationList section */
	};
	rootObject = 229970212CF6DE5E00B0B800 /* Project object */;
}
